
Microsoft Visual Studio Solution File, Format Version 12.00
# Visual Studio Version 17
VisualStudioVersion = 17.3.32929.385
MinimumVisualStudioVersion = 10.0.40219.1
Project("{FAE04EC0-301F-11D3-BF4B-00C04F79EFBC}") = "AlirezaHadian", "AlirezaHadian\AlirezaHadian.csproj", "{67DC880A-616B-4346-B020-F9C68F0343C5}"
EndProject
Global
	GlobalSection(SolutionConfigurationPlatforms) = preSolution
		Debug|Any CPU = Debug|Any CPU
		Release|Any CPU = Release|Any CPU
	EndGlobalSection
	GlobalSection(ProjectConfigurationPlatforms) = postSolution
		{67DC880A-616B-4346-B020-F9C68F0343C5}.Debug|Any CPU.ActiveCfg = Debug|Any CPU
		{67DC880A-616B-4346-B020-F9C68F0343C5}.Debug|Any CPU.Build.0 = Debug|Any CPU
		{67DC880A-616B-4346-B020-F9C68F0343C5}.Release|Any CPU.ActiveCfg = Release|Any CPU
		{67DC880A-616B-4346-B020-F9C68F0343C5}.Release|Any CPU.Build.0 = Release|Any CPU
	EndGlobalSection
	GlobalSection(SolutionProperties) = preSolution
		HideSolutionNode = FALSE
	EndGlobalSection
	GlobalSection(ExtensibilityGlobals) = postSolution
		SolutionGuid = {3395546B-17E3-448C-A741-46630E61626E}
	EndGlobalSection
EndGlobal
